
Microsoft Visual Studio Solution File, Format Version 12.00
# Visual Studio Version 16
VisualStudioVersion = 16.0.29806.167
MinimumVisualStudioVersion = 10.0.40219.1
Project("{8BC9CEB8-8B4A-11D0-8D11-00A0C91BC942}") = "Calculator", "Calculator\Calculator.vcxproj", "{DB8CA733-DF72-4086-97D7-9602CBAA946F}"
EndProject
Global
	GlobalSection(SolutionConfigurationPlatforms) = preSolution
		Debug|x64 = Debug|x64
		Debug|x86 = Debug|x86
		Release|x64 = Release|x64
		Release|x86 = Release|x86
	EndGlobalSection
	GlobalSection(ProjectConfigurationPlatforms) = postSolution
		{DB8CA733-DF72-4086-97D7-9602CBAA946F}.Debug|x64.ActiveCfg = Debug|x64
		{DB8CA733-DF72-4086-97D7-9602CBAA946F}.Debug|x64.Build.0 = Debug|x64
		{DB8CA733-DF72-4086-97D7-9602CBAA946F}.Debug|x86.ActiveCfg = Debug|Win32
		{DB8CA733-DF72-4086-97D7-9602CBAA946F}.Debug|x86.Build.0 = Debug|Win32
		{DB8CA733-DF72-4086-97D7-9602CBAA946F}.Release|x64.ActiveCfg = Release|x64
		{DB8CA733-DF72-4086-97D7-9602CBAA946F}.Release|x64.Build.0 = Release|x64
		{DB8CA733-DF72-4086-97D7-9602CBAA946F}.Release|x86.ActiveCfg = Release|Win32
		{DB8CA733-DF72-4086-97D7-9602CBAA946F}.Release|x86.Build.0 = Release|Win32
	EndGlobalSection
	GlobalSection(SolutionProperties) = preSolution
		HideSolutionNode = FALSE
	EndGlobalSection
	GlobalSection(ExtensibilityGlobals) = postSolution
		SolutionGuid = {E1759B8B-C847-484F-B636-3397DF79F6F4}
	EndGlobalSection
EndGlobal
